
Microsoft Visual Studio Solution File, Format Version 12.00
# Visual Studio Version 17
VisualStudioVersion = 17.13.35818.85 d17.13
MinimumVisualStudioVersion = 10.0.40219.1
Project("{FAE04EC0-301F-11D3-BF4B-00C04F79EFBC}") = "ExpenseTracker", "ExpenseTracker.csproj", "{8AEE1231-4292-4294-A752-22D1E4A5690F}"
EndProject
Global
	GlobalSection(SolutionConfigurationPlatforms) = preSolution
		Debug|Any CPU = Debug|Any CPU
		Release|Any CPU = Release|Any CPU
	EndGlobalSection
	GlobalSection(ProjectConfigurationPlatforms) = postSolution
		{8AEE1231-4292-4294-A752-22D1E4A5690F}.Debug|Any CPU.ActiveCfg = Debug|Any CPU
		{8AEE1231-4292-4294-A752-22D1E4A5690F}.Debug|Any CPU.Build.0 = Debug|Any CPU
		{8AEE1231-4292-4294-A752-22D1E4A5690F}.Release|Any CPU.ActiveCfg = Release|Any CPU
		{8AEE1231-4292-4294-A752-22D1E4A5690F}.Release|Any CPU.Build.0 = Release|Any CPU
	EndGlobalSection
	GlobalSection(SolutionProperties) = preSolution
		HideSolutionNode = FALSE
	EndGlobalSection
	GlobalSection(ExtensibilityGlobals) = postSolution
		SolutionGuid = {20FAA5AE-83A7-4013-82B1-48BAA9844C22}
	EndGlobalSection
EndGlobal
